
Microsoft Visual Studio Solution File, Format Version 12.00
# Visual Studio Version 17
VisualStudioVersion = 17.11.35327.3
MinimumVisualStudioVersion = 10.0.40219.1
Project("{FAE04EC0-301F-11D3-BF4B-00C04F79EFBC}") = "Repository", "Repository\Repository.csproj", "{E8F3580D-4F89-4669-89F1-5DB6FE3C2C4D}"
EndProject
Project("{FAE04EC0-301F-11D3-BF4B-00C04F79EFBC}") = "Service", "Service\Service.csproj", "{88044491-FB17-44E6-90AE-FA34A438FE6C}"
EndProject
Project("{9A19103F-16F7-4668-BE54-9A1E7A4F7556}") = "PRN221_PE_Equipments2024_TranGiaPhuc", "C:\Users\PC\source\repos\PRN221_PE_Equipments2024_TranGiaPhuc\PRN221_PE_Equipments2024_TranGiaPhuc\PRN221_PE_Equipments2024_TranGiaPhuc.csproj", "{C0AB6A6B-D76C-4B45-9E3F-C6C761E4F1F1}"
EndProject
Global
	GlobalSection(SolutionConfigurationPlatforms) = preSolution
		Debug|Any CPU = Debug|Any CPU
		Release|Any CPU = Release|Any CPU
	EndGlobalSection
	GlobalSection(ProjectConfigurationPlatforms) = postSolution
		{E8F3580D-4F89-4669-89F1-5DB6FE3C2C4D}.Debug|Any CPU.ActiveCfg = Debug|Any CPU
		{E8F3580D-4F89-4669-89F1-5DB6FE3C2C4D}.Debug|Any CPU.Build.0 = Debug|Any CPU
		{E8F3580D-4F89-4669-89F1-5DB6FE3C2C4D}.Release|Any CPU.ActiveCfg = Release|Any CPU
		{E8F3580D-4F89-4669-89F1-5DB6FE3C2C4D}.Release|Any CPU.Build.0 = Release|Any CPU
		{88044491-FB17-44E6-90AE-FA34A438FE6C}.Debug|Any CPU.ActiveCfg = Debug|Any CPU
		{88044491-FB17-44E6-90AE-FA34A438FE6C}.Debug|Any CPU.Build.0 = Debug|Any CPU
		{88044491-FB17-44E6-90AE-FA34A438FE6C}.Release|Any CPU.ActiveCfg = Release|Any CPU
		{88044491-FB17-44E6-90AE-FA34A438FE6C}.Release|Any CPU.Build.0 = Release|Any CPU
		{C0AB6A6B-D76C-4B45-9E3F-C6C761E4F1F1}.Debug|Any CPU.ActiveCfg = Debug|Any CPU
		{C0AB6A6B-D76C-4B45-9E3F-C6C761E4F1F1}.Debug|Any CPU.Build.0 = Debug|Any CPU
		{C0AB6A6B-D76C-4B45-9E3F-C6C761E4F1F1}.Release|Any CPU.ActiveCfg = Release|Any CPU
		{C0AB6A6B-D76C-4B45-9E3F-C6C761E4F1F1}.Release|Any CPU.Build.0 = Release|Any CPU
	EndGlobalSection
	GlobalSection(SolutionProperties) = preSolution
		HideSolutionNode = FALSE
	EndGlobalSection
	GlobalSection(ExtensibilityGlobals) = postSolution
		SolutionGuid = {D13B413F-EC12-4C9D-B9D4-04BF80C8A6A9}
	EndGlobalSection
EndGlobal
